{
  "version": 4,
  "terraform_version": "1.14.1",
  "serial": 6,
  "lineage": "f7957393-a4fd-c878-a196-a2a0c7258549",
  "outputs": {},
  "resources": [
    {
      "mode": "managed",
      "type": "proxmox_virtual_environment_container",
      "name": "myspeed",
      "provider": "provider[\"registry.terraform.io/bpg/proxmox\"]",
      "instances": [
        {
          "schema_version": 0,
          "attributes": {
            "clone": [],
            "console": [
              {
                "enabled": true,
                "tty_count": 2,
                "type": "tty"
              }
            ],
            "cpu": [],
            "description": "\u003cdiv align='center'\u003e\n  \u003ca href='https://Helper-Scripts.com' target='_blank' rel='noopener noreferrer'\u003e\n    \u003cimg src='https://raw.githubusercontent.com/community-scripts/ProxmoxVE/main/misc/images/logo-81x112.png' alt='Logo' style='width:81px;height:112px;'/\u003e\n  \u003c/a\u003e\n\n  \u003ch2 style='font-size: 24px; margin: 20px 0;'\u003eMySpeed LXC\u003c/h2\u003e\n\n  \u003cp style='margin: 16px 0;'\u003e\n    \u003ca href='https://ko-fi.com/community_scripts' target='_blank' rel='noopener noreferrer'\u003e\n      \u003cimg src='https://img.shields.io/badge/\u0026#x2615;-Buy us a coffee-blue' alt='spend Coffee' /\u003e\n    \u003c/a\u003e\n  \u003c/p\u003e\n\n  \u003cspan style='margin: 0 10px;'\u003e\n    \u003ci class=\"fa fa-github fa-fw\" style=\"color: #f5f5f5;\"\u003e\u003c/i\u003e\n    \u003ca href='https://github.com/community-scripts/ProxmoxVE' target='_blank' rel='noopener noreferrer' style='text-decoration: none; color: #00617f;'\u003eGitHub\u003c/a\u003e\n  \u003c/span\u003e\n  \u003cspan style='margin: 0 10px;'\u003e\n    \u003ci class=\"fa fa-comments fa-fw\" style=\"color: #f5f5f5;\"\u003e\u003c/i\u003e\n    \u003ca href='https://github.com/community-scripts/ProxmoxVE/discussions' target='_blank' rel='noopener noreferrer' style='text-decoration: none; color: #00617f;'\u003eDiscussions\u003c/a\u003e\n  \u003c/span\u003e\n  \u003cspan style='margin: 0 10px;'\u003e\n    \u003ci class=\"fa fa-exclamation-circle fa-fw\" style=\"color: #f5f5f5;\"\u003e\u003c/i\u003e\n    \u003ca href='https://github.com/community-scripts/ProxmoxVE/issues' target='_blank' rel='noopener noreferrer' style='text-decoration: none; color: #00617f;'\u003eIssues\u003c/a\u003e\n  \u003c/span\u003e\n\u003c/div\u003e\n",
            "device_passthrough": [],
            "disk": [
              {
                "acl": false,
                "datastore_id": "local-lvm",
                "mount_options": [],
                "quota": false,
                "replicate": false,
                "size": 4
              }
            ],
            "features": [],
            "hook_script_file_id": null,
            "id": "112",
            "initialization": [
              {
                "dns": [],
                "hostname": "myspeed",
                "ip_config": [
                  {
                    "ipv4": [
                      {
                        "address": "dhcp",
                        "gateway": ""
                      }
                    ],
                    "ipv6": []
                  }
                ],
                "user_account": []
              }
            ],
            "ipv4": {
              "eth0": "192.168.9.23"
            },
            "ipv6": {
              "eth0": "fe80::be24:11ff:fe4f:87f4"
            },
            "memory": [
              {
                "dedicated": 1024,
                "swap": 512
              }
            ],
            "mount_point": [],
            "network_interface": [
              {
                "bridge": "vmbr0",
                "enabled": true,
                "firewall": false,
                "mac_address": "BC:24:11:4F:87:F4",
                "mtu": 0,
                "name": "eth0",
                "rate_limit": 0,
                "vlan_id": 0
              }
            ],
            "node_name": "techbrainzz",
            "operating_system": [
              {
                "template_file_id": "",
                "type": "debian"
              }
            ],
            "pool_id": null,
            "protection": false,
            "start_on_boot": true,
            "started": true,
            "startup": [],
            "tags": [
              "production",
              "skandha_server",
              "techbrainzz"
            ],
            "template": false,
            "timeout_clone": 1800,
            "timeout_create": 1800,
            "timeout_delete": 60,
            "timeout_start": 300,
            "timeout_update": 1800,
            "unprivileged": true,
            "vm_id": 112,
            "wait_for_ip": []
          },
          "sensitive_attributes": [],
          "identity_schema_version": 0,
          "private": "bnVsbA=="
        }
      ]
    }
  ],
  "check_results": null
}
